
Microsoft Visual Studio Solution File, Format Version 12.00
# Visual Studio Version 16
VisualStudioVersion = 16.0.30611.23
MinimumVisualStudioVersion = 10.0.40219.1
Project("{FAE04EC0-301F-11D3-BF4B-00C04F79EFBC}") = "WertUndVerweisTypen", "WertUndVerweisTypen\WertUndVerweisTypen.csproj", "{A692AA0E-D41A-46E5-A19D-4F6B374EAFE9}"
EndProject
Global
	GlobalSection(SolutionConfigurationPlatforms) = preSolution
		Debug|Any CPU = Debug|Any CPU
		Release|Any CPU = Release|Any CPU
	EndGlobalSection
	GlobalSection(ProjectConfigurationPlatforms) = postSolution
		{A692AA0E-D41A-46E5-A19D-4F6B374EAFE9}.Debug|Any CPU.ActiveCfg = Debug|Any CPU
		{A692AA0E-D41A-46E5-A19D-4F6B374EAFE9}.Debug|Any CPU.Build.0 = Debug|Any CPU
		{A692AA0E-D41A-46E5-A19D-4F6B374EAFE9}.Release|Any CPU.ActiveCfg = Release|Any CPU
		{A692AA0E-D41A-46E5-A19D-4F6B374EAFE9}.Release|Any CPU.Build.0 = Release|Any CPU
	EndGlobalSection
	GlobalSection(SolutionProperties) = preSolution
		HideSolutionNode = FALSE
	EndGlobalSection
	GlobalSection(ExtensibilityGlobals) = postSolution
		SolutionGuid = {C8E0F92E-E714-4533-AE16-2BDBD6560C20}
	EndGlobalSection
EndGlobal
