
Microsoft Visual Studio Solution File, Format Version 12.00
# Visual Studio Version 16
VisualStudioVersion = 16.0.29123.88
MinimumVisualStudioVersion = 10.0.40219.1
Project("{FAE04EC0-301F-11D3-BF4B-00C04F79EFBC}") = "MethodenGL", "MethodenGL\MethodenGL.csproj", "{0FC37C25-AC08-486A-9202-244EF6D086FF}"
EndProject
Global
	GlobalSection(SolutionConfigurationPlatforms) = preSolution
		Debug|Any CPU = Debug|Any CPU
		Release|Any CPU = Release|Any CPU
	EndGlobalSection
	GlobalSection(ProjectConfigurationPlatforms) = postSolution
		{0FC37C25-AC08-486A-9202-244EF6D086FF}.Debug|Any CPU.ActiveCfg = Debug|Any CPU
		{0FC37C25-AC08-486A-9202-244EF6D086FF}.Debug|Any CPU.Build.0 = Debug|Any CPU
		{0FC37C25-AC08-486A-9202-244EF6D086FF}.Release|Any CPU.ActiveCfg = Release|Any CPU
		{0FC37C25-AC08-486A-9202-244EF6D086FF}.Release|Any CPU.Build.0 = Release|Any CPU
	EndGlobalSection
	GlobalSection(SolutionProperties) = preSolution
		HideSolutionNode = FALSE
	EndGlobalSection
	GlobalSection(ExtensibilityGlobals) = postSolution
		SolutionGuid = {38168AB3-05DB-4317-925A-95F64C856E5A}
	EndGlobalSection
EndGlobal
