
Microsoft Visual Studio Solution File, Format Version 12.00
# Visual Studio Version 16
VisualStudioVersion = 16.0.29123.88
MinimumVisualStudioVersion = 10.0.40219.1
Project("{FAE04EC0-301F-11D3-BF4B-00C04F79EFBC}") = "Iteration_for", "Iteration_for\Iteration_for.csproj", "{476356D2-62D0-4B39-A127-D4BCFE861BA8}"
EndProject
Project("{FAE04EC0-301F-11D3-BF4B-00C04F79EFBC}") = "Iteration_while", "Iteration_while\Iteration_while.csproj", "{17A363BB-164A-468A-B483-C60CBD67534E}"
EndProject
Global
	GlobalSection(SolutionConfigurationPlatforms) = preSolution
		Debug|Any CPU = Debug|Any CPU
		Release|Any CPU = Release|Any CPU
	EndGlobalSection
	GlobalSection(ProjectConfigurationPlatforms) = postSolution
		{476356D2-62D0-4B39-A127-D4BCFE861BA8}.Debug|Any CPU.ActiveCfg = Debug|Any CPU
		{476356D2-62D0-4B39-A127-D4BCFE861BA8}.Debug|Any CPU.Build.0 = Debug|Any CPU
		{476356D2-62D0-4B39-A127-D4BCFE861BA8}.Release|Any CPU.ActiveCfg = Release|Any CPU
		{476356D2-62D0-4B39-A127-D4BCFE861BA8}.Release|Any CPU.Build.0 = Release|Any CPU
		{17A363BB-164A-468A-B483-C60CBD67534E}.Debug|Any CPU.ActiveCfg = Debug|Any CPU
		{17A363BB-164A-468A-B483-C60CBD67534E}.Debug|Any CPU.Build.0 = Debug|Any CPU
		{17A363BB-164A-468A-B483-C60CBD67534E}.Release|Any CPU.ActiveCfg = Release|Any CPU
		{17A363BB-164A-468A-B483-C60CBD67534E}.Release|Any CPU.Build.0 = Release|Any CPU
	EndGlobalSection
	GlobalSection(SolutionProperties) = preSolution
		HideSolutionNode = FALSE
	EndGlobalSection
	GlobalSection(ExtensibilityGlobals) = postSolution
		SolutionGuid = {7AF9028A-EC54-41A3-BD2B-107244BFEDF9}
	EndGlobalSection
EndGlobal
