
Microsoft Visual Studio Solution File, Format Version 12.00
# Visual Studio Version 16
VisualStudioVersion = 16.0.29123.88
MinimumVisualStudioVersion = 10.0.40219.1
Project("{FAE04EC0-301F-11D3-BF4B-00C04F79EFBC}") = "GrundlagenOperatoren", "GrundlagenOperatoren\GrundlagenOperatoren.csproj", "{36220979-96A9-4284-9C86-FEC08BCCD493}"
EndProject
Global
	GlobalSection(SolutionConfigurationPlatforms) = preSolution
		Debug|Any CPU = Debug|Any CPU
		Release|Any CPU = Release|Any CPU
	EndGlobalSection
	GlobalSection(ProjectConfigurationPlatforms) = postSolution
		{36220979-96A9-4284-9C86-FEC08BCCD493}.Debug|Any CPU.ActiveCfg = Debug|Any CPU
		{36220979-96A9-4284-9C86-FEC08BCCD493}.Debug|Any CPU.Build.0 = Debug|Any CPU
		{36220979-96A9-4284-9C86-FEC08BCCD493}.Release|Any CPU.ActiveCfg = Release|Any CPU
		{36220979-96A9-4284-9C86-FEC08BCCD493}.Release|Any CPU.Build.0 = Release|Any CPU
	EndGlobalSection
	GlobalSection(SolutionProperties) = preSolution
		HideSolutionNode = FALSE
	EndGlobalSection
	GlobalSection(ExtensibilityGlobals) = postSolution
		SolutionGuid = {1C222EA8-E743-4884-94F0-9B435F9132C9}
	EndGlobalSection
EndGlobal
