
Microsoft Visual Studio Solution File, Format Version 12.00
# Visual Studio Version 16
VisualStudioVersion = 16.0.29123.88
MinimumVisualStudioVersion = 10.0.40219.1
Project("{FAE04EC0-301F-11D3-BF4B-00C04F79EFBC}") = "foreach_Grundlagen", "foreach_Grundlagen\foreach_Grundlagen.csproj", "{F0719152-E61D-410A-8207-D1878E59B1A9}"
EndProject
Global
	GlobalSection(SolutionConfigurationPlatforms) = preSolution
		Debug|Any CPU = Debug|Any CPU
		Release|Any CPU = Release|Any CPU
	EndGlobalSection
	GlobalSection(ProjectConfigurationPlatforms) = postSolution
		{F0719152-E61D-410A-8207-D1878E59B1A9}.Debug|Any CPU.ActiveCfg = Debug|Any CPU
		{F0719152-E61D-410A-8207-D1878E59B1A9}.Debug|Any CPU.Build.0 = Debug|Any CPU
		{F0719152-E61D-410A-8207-D1878E59B1A9}.Release|Any CPU.ActiveCfg = Release|Any CPU
		{F0719152-E61D-410A-8207-D1878E59B1A9}.Release|Any CPU.Build.0 = Release|Any CPU
	EndGlobalSection
	GlobalSection(SolutionProperties) = preSolution
		HideSolutionNode = FALSE
	EndGlobalSection
	GlobalSection(ExtensibilityGlobals) = postSolution
		SolutionGuid = {0E2DA774-BC29-42D6-B0A7-52D84C980AF1}
	EndGlobalSection
EndGlobal
