
Microsoft Visual Studio Solution File, Format Version 12.00
# Visual Studio Version 16
VisualStudioVersion = 16.0.30611.23
MinimumVisualStudioVersion = 10.0.40219.1
Project("{FAE04EC0-301F-11D3-BF4B-00C04F79EFBC}") = "InterfacesGL", "InterfacesGL\InterfacesGL.csproj", "{B34542C1-A560-4667-ADBC-1D8D8AFBF4FF}"
EndProject
Global
	GlobalSection(SolutionConfigurationPlatforms) = preSolution
		Debug|Any CPU = Debug|Any CPU
		Release|Any CPU = Release|Any CPU
	EndGlobalSection
	GlobalSection(ProjectConfigurationPlatforms) = postSolution
		{B34542C1-A560-4667-ADBC-1D8D8AFBF4FF}.Debug|Any CPU.ActiveCfg = Debug|Any CPU
		{B34542C1-A560-4667-ADBC-1D8D8AFBF4FF}.Debug|Any CPU.Build.0 = Debug|Any CPU
		{B34542C1-A560-4667-ADBC-1D8D8AFBF4FF}.Release|Any CPU.ActiveCfg = Release|Any CPU
		{B34542C1-A560-4667-ADBC-1D8D8AFBF4FF}.Release|Any CPU.Build.0 = Release|Any CPU
	EndGlobalSection
	GlobalSection(SolutionProperties) = preSolution
		HideSolutionNode = FALSE
	EndGlobalSection
	GlobalSection(ExtensibilityGlobals) = postSolution
		SolutionGuid = {D73702F5-76BB-4A88-A454-741700BE59FB}
	EndGlobalSection
EndGlobal
