
Microsoft Visual Studio Solution File, Format Version 12.00
# Visual Studio Version 16
VisualStudioVersion = 16.0.29123.88
MinimumVisualStudioVersion = 10.0.40219.1
Project("{FAE04EC0-301F-11D3-BF4B-00C04F79EFBC}") = "EingabeDezimalWerte", "EingabeDezimalWerte\EingabeDezimalWerte.csproj", "{EDCDF9B6-29EC-4830-82DD-D456600EDA95}"
EndProject
Global
	GlobalSection(SolutionConfigurationPlatforms) = preSolution
		Debug|Any CPU = Debug|Any CPU
		Release|Any CPU = Release|Any CPU
	EndGlobalSection
	GlobalSection(ProjectConfigurationPlatforms) = postSolution
		{EDCDF9B6-29EC-4830-82DD-D456600EDA95}.Debug|Any CPU.ActiveCfg = Debug|Any CPU
		{EDCDF9B6-29EC-4830-82DD-D456600EDA95}.Debug|Any CPU.Build.0 = Debug|Any CPU
		{EDCDF9B6-29EC-4830-82DD-D456600EDA95}.Release|Any CPU.ActiveCfg = Release|Any CPU
		{EDCDF9B6-29EC-4830-82DD-D456600EDA95}.Release|Any CPU.Build.0 = Release|Any CPU
	EndGlobalSection
	GlobalSection(SolutionProperties) = preSolution
		HideSolutionNode = FALSE
	EndGlobalSection
	GlobalSection(ExtensibilityGlobals) = postSolution
		SolutionGuid = {3BAF8298-3420-4487-AD7A-08CB041C39D5}
	EndGlobalSection
EndGlobal
