
Microsoft Visual Studio Solution File, Format Version 12.00
# Visual Studio Version 16
VisualStudioVersion = 16.0.29123.88
MinimumVisualStudioVersion = 10.0.40219.1
Project("{FAE04EC0-301F-11D3-BF4B-00C04F79EFBC}") = "EingabeNumerischeWerte", "EingabeNumerischeWerte\EingabeNumerischeWerte.csproj", "{0C2FB06C-D1CB-42C0-861F-C7679B8AECBC}"
EndProject
Global
	GlobalSection(SolutionConfigurationPlatforms) = preSolution
		Debug|Any CPU = Debug|Any CPU
		Release|Any CPU = Release|Any CPU
	EndGlobalSection
	GlobalSection(ProjectConfigurationPlatforms) = postSolution
		{0C2FB06C-D1CB-42C0-861F-C7679B8AECBC}.Debug|Any CPU.ActiveCfg = Debug|Any CPU
		{0C2FB06C-D1CB-42C0-861F-C7679B8AECBC}.Debug|Any CPU.Build.0 = Debug|Any CPU
		{0C2FB06C-D1CB-42C0-861F-C7679B8AECBC}.Release|Any CPU.ActiveCfg = Release|Any CPU
		{0C2FB06C-D1CB-42C0-861F-C7679B8AECBC}.Release|Any CPU.Build.0 = Release|Any CPU
	EndGlobalSection
	GlobalSection(SolutionProperties) = preSolution
		HideSolutionNode = FALSE
	EndGlobalSection
	GlobalSection(ExtensibilityGlobals) = postSolution
		SolutionGuid = {CE3336F2-7DA5-4AD3-A863-87B7EDFC837F}
	EndGlobalSection
EndGlobal
