
Microsoft Visual Studio Solution File, Format Version 12.00
# Visual Studio Version 16
VisualStudioVersion = 16.0.29123.88
MinimumVisualStudioVersion = 10.0.40219.1
Project("{FAE04EC0-301F-11D3-BF4B-00C04F79EFBC}") = "GrundlagenVererbung", "GrundlagenVererbung\GrundlagenVererbung.csproj", "{30225EA5-7C83-4FAE-8CAE-550011833431}"
EndProject
Global
	GlobalSection(SolutionConfigurationPlatforms) = preSolution
		Debug|Any CPU = Debug|Any CPU
		Release|Any CPU = Release|Any CPU
	EndGlobalSection
	GlobalSection(ProjectConfigurationPlatforms) = postSolution
		{30225EA5-7C83-4FAE-8CAE-550011833431}.Debug|Any CPU.ActiveCfg = Debug|Any CPU
		{30225EA5-7C83-4FAE-8CAE-550011833431}.Debug|Any CPU.Build.0 = Debug|Any CPU
		{30225EA5-7C83-4FAE-8CAE-550011833431}.Release|Any CPU.ActiveCfg = Release|Any CPU
		{30225EA5-7C83-4FAE-8CAE-550011833431}.Release|Any CPU.Build.0 = Release|Any CPU
	EndGlobalSection
	GlobalSection(SolutionProperties) = preSolution
		HideSolutionNode = FALSE
	EndGlobalSection
	GlobalSection(ExtensibilityGlobals) = postSolution
		SolutionGuid = {7ADC3683-D908-440D-9589-22A57BC65FA5}
	EndGlobalSection
EndGlobal
