
Microsoft Visual Studio Solution File, Format Version 12.00
# Visual Studio Version 16
VisualStudioVersion = 16.0.29123.88
MinimumVisualStudioVersion = 10.0.40219.1
Project("{FAE04EC0-301F-11D3-BF4B-00C04F79EFBC}") = "ArrayG1", "ArrayG1\ArrayG1.csproj", "{F2888A93-60BA-419E-BBF6-3CBE93F7394C}"
EndProject
Global
	GlobalSection(SolutionConfigurationPlatforms) = preSolution
		Debug|Any CPU = Debug|Any CPU
		Release|Any CPU = Release|Any CPU
	EndGlobalSection
	GlobalSection(ProjectConfigurationPlatforms) = postSolution
		{F2888A93-60BA-419E-BBF6-3CBE93F7394C}.Debug|Any CPU.ActiveCfg = Debug|Any CPU
		{F2888A93-60BA-419E-BBF6-3CBE93F7394C}.Debug|Any CPU.Build.0 = Debug|Any CPU
		{F2888A93-60BA-419E-BBF6-3CBE93F7394C}.Release|Any CPU.ActiveCfg = Release|Any CPU
		{F2888A93-60BA-419E-BBF6-3CBE93F7394C}.Release|Any CPU.Build.0 = Release|Any CPU
	EndGlobalSection
	GlobalSection(SolutionProperties) = preSolution
		HideSolutionNode = FALSE
	EndGlobalSection
	GlobalSection(ExtensibilityGlobals) = postSolution
		SolutionGuid = {7F0FDBDF-6E52-48D3-A124-74169E72836A}
	EndGlobalSection
EndGlobal
